{
    "_readme": [
        "This file locks the dependencies of your project to a known state",
        "Read more about it at https://getcomposer.org/doc/01-basic-usage.md#composer-lock-the-lock-file",
        "This file is @generated automatically"
    ],
    "hash": "288d97c29a7e711c6ba93dc4dcc1c721",
    "content-hash": "c8d47745e513d81468897f2793451a42",
    "packages": [
        {
            "name": "gajus/dindent",
            "version": "2.0.2",
            "source": {
                "type": "git",
                "url": "https://github.com/gajus/dindent.git",
                "reference": "d81c3a6f78fbe1ab26f5e753098bbbef6b6a9f3c"
            },
            "dist": {
                "type": "zip",
                "url": "https://api.github.com/repos/gajus/dindent/zipball/d81c3a6f78fbe1ab26f5e753098bbbef6b6a9f3c",
                "reference": "d81c3a6f78fbe1ab26f5e753098bbbef6b6a9f3c",
                "shasum": ""
            },
            "require": {
                "php": ">=5.3"
            },
            "require-dev": {
                "satooshi/php-coveralls": "dev-master"
            },
            "type": "library",
            "autoload": {
                "psr-4": {
                    "Gajus\\Dindent\\": "src/"
                }
            },
            "notification-url": "https://packagist.org/downloads/",
            "license": [
                "BSD-3-Clause"
            ],
            "authors": [
                {
                    "name": "Gajus Kuizinas",
                    "email": "gk@anuary.com"
                }
            ],
            "description": "HTML indentation library for development and testing.",
            "homepage": "https://github.com/gajus/dindent",
            "keywords": [
                "format",
                "html",
                "indent"
            ],
            "time": "2014-10-08 10:03:04"
        },
        {
            "name": "sios13/simox",
            "version": "dev-master",
            "source": {
                "type": "git",
                "url": "https://github.com/sios13/simox.git",
                "reference": "fe101edc78683863222b1829a213702369d2d97b"
            },
            "dist": {
                "type": "zip",
                "url": "https://api.github.com/repos/sios13/simox/zipball/fe101edc78683863222b1829a213702369d2d97b",
                "reference": "fe101edc78683863222b1829a213702369d2d97b",
                "shasum": ""
            },
            "require": {
                "php": ">=5.3.0"
            },
            "type": "library",
            "autoload": {
                "psr-4": {
                    "Simox\\": [
                        "src/",
                        "src/Config/",
                        "src/Database/",
                        "src/Controller/",
                        "src/Dispatcher"
                    ]
                }
            },
            "notification-url": "https://packagist.org/downloads/",
            "license": [
                "MIT"
            ],
            "authors": [
                {
                    "name": "Simon Österdahl",
                    "homepage": "http://www.simonwebb.se",
                    "role": "Developer"
                }
            ],
            "description": "MVC framework",
            "homepage": "https://github.com/sios13/simox",
            "keywords": [
                "framework",
                "mvc"
            ],
            "time": "2016-07-19 09:54:07"
        }
    ],
    "packages-dev": [],
    "aliases": [],
    "minimum-stability": "stable",
    "stability-flags": {
        "sios13/simox": 20
    },
    "prefer-stable": false,
    "prefer-lowest": false,
    "platform": [],
    "platform-dev": []
}
